// !$*UTF8*$!
{
	archiveVersion = 1;
	classes = {
	};
	objectVersion = 46;
	objects = {

/* Begin PBXBuildFile section */
		5B2D30321BB9CCDA00A7C86D /* AppDelegate.swift in Sources */ = {isa = PBXBuildFile; fileRef = 5B2D30311BB9CCDA00A7C86D /* AppDelegate.swift */; };
		5B2D30341BB9CCDA00A7C86D /* ViewController.swift in Sources */ = {isa = PBXBuildFile; fileRef = 5B2D30331BB9CCDA00A7C86D /* ViewController.swift */; };
		5B2D30371BB9CCDA00A7C86D /* Main.storyboard in Resources */ = {isa = PBXBuildFile; fileRef = 5B2D30351BB9CCDA00A7C86D /* Main.storyboard */; };
		5B2D30391BB9CCDA00A7C86D /* Assets.xcassets in Resources */ = {isa = PBXBuildFile; fileRef = 5B2D30381BB9CCDA00A7C86D /* Assets.xcassets */; };
		5B2D303C1BB9CCDA00A7C86D /* LaunchScreen.storyboard in Resources */ = {isa = PBXBuildFile; fileRef = 5B2D303A1BB9CCDA00A7C86D /* LaunchScreen.storyboard */; };
		5B2D30441BB9D32500A7C86D /* quizQimage.png in Resources */ = {isa = PBXBuildFile; fileRef = 5B2D30431BB9D32500A7C86D /* quizQimage.png */; settings = {ASSET_TAGS = (); }; };
		5B2D30461BB9D7DC00A7C86D /* ViewController2.swift in Sources */ = {isa = PBXBuildFile; fileRef = 5B2D30451BB9D7DC00A7C86D /* ViewController2.swift */; settings = {ASSET_TAGS = (); }; };
		5B2D30481BB9D84500A7C86D /* ViewController3.swift in Sources */ = {isa = PBXBuildFile; fileRef = 5B2D30471BB9D84500A7C86D /* ViewController3.swift */; settings = {ASSET_TAGS = (); }; };
/* End PBXBuildFile section */

/* Begin PBXFileReference section */
		5B2D302E1BB9CCDA00A7C86D /* QuizApp.app */ = {isa = PBXFileReference; explicitFileType = wrapper.application; includeInIndex = 0; path = QuizApp.app; sourceTree = BUILT_PRODUCTS_DIR; };
		5B2D30311BB9CCDA00A7C86D /* AppDelegate.swift */ = {isa = PBXFileReference; lastKnownFileType = sourcecode.swift; path = AppDelegate.swift; sourceTree = "<group>"; };
		5B2D30331BB9CCDA00A7C86D /* ViewController.swift */ = {isa = PBXFileReference; lastKnownFileType = sourcecode.swift; path = ViewController.swift; sourceTree = "<group>"; };
		5B2D30361BB9CCDA00A7C86D /* Base */ = {isa = PBXFileReference; lastKnownFileType = file.storyboard; name = Base; path = Base.lproj/Main.storyboard; sourceTree = "<group>"; };
		5B2D30381BB9CCDA00A7C86D /* Assets.xcassets */ = {isa = PBXFileReference; lastKnownFileType = folder.assetcatalog; path = Assets.xcassets; sourceTree = "<group>"; };
		5B2D303B1BB9CCDA00A7C86D /* Base */ = {isa = PBXFileReference; lastKnownFileType = file.storyboard; name = Base; path = Base.lproj/LaunchScreen.storyboard; sourceTree = "<group>"; };
		5B2D303D1BB9CCDA00A7C86D /* Info.plist */ = {isa = PBXFileReference; lastKnownFileType = text.plist.xml; path = Info.plist; sourceTree = "<group>"; };
		5B2D30431BB9D32500A7C86D /* quizQimage.png */ = {isa = PBXFileReference; lastKnownFileType = image.png; path = quizQimage.png; sourceTree = SOURCE_ROOT; };
		5B2D30451BB9D7DC00A7C86D /* ViewController2.swift */ = {isa = PBXFileReference; fileEncoding = 4; lastKnownFileType = sourcecode.swift; path = ViewController2.swift; sourceTree = "<group>"; };
		5B2D30471BB9D84500A7C86D /* ViewController3.swift */ = {isa = PBXFileReference; fileEncoding = 4; lastKnownFileType = sourcecode.swift; path = ViewController3.swift; sourceTree = "<group>"; };
/* End PBXFileReference section */

/* Begin PBXFrameworksBuildPhase section */
		5B2D302B1BB9CCDA00A7C86D /* Frameworks */ = {
			isa = PBXFrameworksBuildPhase;
			buildActionMask = 2147483647;
			files = (
			);
			runOnlyForDeploymentPostprocessing = 0;
		};
/* End PBXFrameworksBuildPhase section */

/* Begin PBXGroup section */
		5B2D30251BB9CCDA00A7C86D = {
			isa = PBXGroup;
			children = (
				5B2D30301BB9CCDA00A7C86D /* QuizApp */,
				5B2D302F1BB9CCDA00A7C86D /* Products */,
			);
			sourceTree = "<group>";
		};
		5B2D302F1BB9CCDA00A7C86D /* Products */ = {
			isa = PBXGroup;
			children = (
				5B2D302E1BB9CCDA00A7C86D /* QuizApp.app */,
			);
			name = Products;
			sourceTree = "<group>";
		};
		5B2D30301BB9CCDA00A7C86D /* QuizApp */ = {
			isa = PBXGroup;
			children = (
				5B2D30431BB9D32500A7C86D /* quizQimage.png */,
				5B2D30311BB9CCDA00A7C86D /* AppDelegate.swift */,
				5B2D30331BB9CCDA00A7C86D /* ViewController.swift */,
				5B2D30351BB9CCDA00A7C86D /* Main.storyboard */,
				5B2D30381BB9CCDA00A7C86D /* Assets.xcassets */,
				5B2D303A1BB9CCDA00A7C86D /* LaunchScreen.storyboard */,
				5B2D303D1BB9CCDA00A7C86D /* Info.plist */,
				5B2D30451BB9D7DC00A7C86D /* ViewController2.swift */,
				5B2D30471BB9D84500A7C86D /* ViewController3.swift */,
			);
			path = QuizApp;
			sourceTree = "<group>";
		};
/* End PBXGroup section */

/* Begin PBXNativeTarget section */
		5B2D302D1BB9CCDA00A7C86D /* QuizApp */ = {
			isa = PBXNativeTarget;
			buildConfigurationList = 5B2D30401BB9CCDA00A7C86D /* Build configuration list for PBXNativeTarget "QuizApp" */;
			buildPhases = (
				5B2D302A1BB9CCDA00A7C86D /* Sources */,
				5B2D302B1BB9CCDA00A7C86D /* Frameworks */,
				5B2D302C1BB9CCDA00A7C86D /* Resources */,
			);
			buildRules = (
			);
			dependencies = (
			);
			name = QuizApp;
			productName = QuizApp;
			productReference = 5B2D302E1BB9CCDA00A7C86D /* QuizApp.app */;
			productType = "com.apple.product-type.application";
		};
/* End PBXNativeTarget section */

/* Begin PBXProject section */
		5B2D30261BB9CCDA00A7C86D /* Project object */ = {
			isa = PBXProject;
			attributes = {
				LastUpgradeCheck = 0700;
				ORGANIZATIONNAME = "Carly Hildebrandt";
				TargetAttributes = {
					5B2D302D1BB9CCDA00A7C86D = {
						CreatedOnToolsVersion = 7.0;
					};
				};
			};
			buildConfigurationList = 5B2D30291BB9CCDA00A7C86D /* Build configuration list for PBXProject "QuizApp" */;
			compatibilityVersion = "Xcode 3.2";
			developmentRegion = English;
			hasScannedForEncodings = 0;
			knownRegions = (
				en,
				Base,
			);
			mainGroup = 5B2D30251BB9CCDA00A7C86D;
			productRefGroup = 5B2D302F1BB9CCDA00A7C86D /* Products */;
			projectDirPath = "";
			projectRoot = "";
			targets = (
				5B2D302D1BB9CCDA00A7C86D /* QuizApp */,
			);
		};
/* End PBXProject section */

/* Begin PBXResourcesBuildPhase section */
		5B2D302C1BB9CCDA00A7C86D /* Resources */ = {
			isa = PBXResourcesBuildPhase;
			buildActionMask = 2147483647;
			files = (
				5B2D303C1BB9CCDA00A7C86D /* LaunchScreen.storyboard in Resources */,
				5B2D30391BB9CCDA00A7C86D /* Assets.xcassets in Resources */,
				5B2D30441BB9D32500A7C86D /* quizQimage.png in Resources */,
				5B2D30371BB9CCDA00A7C86D /* Main.storyboard in Resources */,
			);
			runOnlyForDeploymentPostprocessing = 0;
		};
/* End PBXResourcesBuildPhase section */

/* Begin PBXSourcesBuildPhase section */
		5B2D302A1BB9CCDA00A7C86D /* Sources */ = {
			isa = PBXSourcesBuildPhase;
			buildActionMask = 2147483647;
			files = (
				5B2D30341BB9CCDA00A7C86D /* ViewController.swift in Sources */,
				5B2D30321BB9CCDA00A7C86D /* AppDelegate.swift in Sources */,
				5B2D30481BB9D84500A7C86D /* ViewController3.swift in Sources */,
				5B2D30461BB9D7DC00A7C86D /* ViewController2.swift in Sources */,
			);
			runOnlyForDeploymentPostprocessing = 0;
		};
/* End PBXSourcesBuildPhase section */

/* Begin PBXVariantGroup section */
		5B2D30351BB9CCDA00A7C86D /* Main.storyboard */ = {
			isa = PBXVariantGroup;
			children = (
				5B2D30361BB9CCDA00A7C86D /* Base */,
			);
			name = Main.storyboard;
			sourceTree = "<group>";
		};
		5B2D303A1BB9CCDA00A7C86D /* LaunchScreen.storyboard */ = {
			isa = PBXVariantGroup;
			children = (
				5B2D303B1BB9CCDA00A7C86D /* Base */,
			);
			name = LaunchScreen.storyboard;
			sourceTree = "<group>";
		};
/* End PBXVariantGroup section */

/* Begin XCBuildConfiguration section */
		5B2D303E1BB9CCDA00A7C86D /* Debug */ = {
			isa = XCBuildConfiguration;
			buildSettings = {
				ALWAYS_SEARCH_USER_PATHS = NO;
				CLANG_CXX_LANGUAGE_STANDARD = "gnu++0x";
				CLANG_CXX_LIBRARY = "libc++";
				CLANG_ENABLE_MODULES = YES;
				CLANG_ENABLE_OBJC_ARC = YES;
				CLANG_WARN_BOOL_CONVERSION = YES;
				CLANG_WARN_CONSTANT_CONVERSION = YES;
				CLANG_WARN_DIRECT_OBJC_ISA_USAGE = YES_ERROR;
				CLANG_WARN_EMPTY_BODY = YES;
				CLANG_WARN_ENUM_CONVERSION = YES;
				CLANG_WARN_INT_CONVERSION = YES;
				CLANG_WARN_OBJC_ROOT_CLASS = YES_ERROR;
				CLANG_WARN_UNREACHABLE_CODE = YES;
				CLANG_WARN__DUPLICATE_METHOD_MATCH = YES;
				"CODE_SIGN_IDENTITY[sdk=iphoneos*]" = "iPhone Developer";
				COPY_PHASE_STRIP = NO;
				DEBUG_INFORMATION_FORMAT = dwarf;
				ENABLE_STRICT_OBJC_MSGSEND = YES;
				ENABLE_TESTABILITY = YES;
				GCC_C_LANGUAGE_STANDARD = gnu99;
				GCC_DYNAMIC_NO_PIC = NO;
				GCC_NO_COMMON_BLOCKS = YES;
				GCC_OPTIMIZATION_LEVEL = 0;
				GCC_PREPROCESSOR_DEFINITIONS = (
					"DEBUG=1",
					"$(inherited)",
				);
				GCC_WARN_64_TO_32_BIT_CONVERSION = YES;
				GCC_WARN_ABOUT_RETURN_TYPE = YES_ERROR;
				GCC_WARN_UNDECLARED_SELECTOR = YES;
				GCC_WARN_UNINITIALIZED_AUTOS = YES_AGGRESSIVE;
				GCC_WARN_UNUSED_FUNCTION = YES;
				GCC_WARN_UNUSED_VARIABLE = YES;
				IPHONEOS_DEPLOYMENT_TARGET = 9.0;
				MTL_ENABLE_DEBUG_INFO = YES;
				ONLY_ACTIVE_ARCH = YES;
				SDKROOT = iphoneos;
				SWIFT_OPTIMIZATION_LEVEL = "-Onone";
			};
			name = Debug;
		};
		5B2D303F1BB9CCDA00A7C86D /* Release */ = {
			isa = XCBuildConfiguration;
			buildSettings = {
				ALWAYS_SEARCH_USER_PATHS = NO;
				CLANG_CXX_LANGUAGE_STANDARD = "gnu++0x";
				CLANG_CXX_LIBRARY = "libc++";
				CLANG_ENABLE_MODULES = YES;
				CLANG_ENABLE_OBJC_ARC = YES;
				CLANG_WARN_BOOL_CONVERSION = YES;
				CLANG_WARN_CONSTANT_CONVERSION = YES;
				CLANG_WARN_DIRECT_OBJC_ISA_USAGE = YES_ERROR;
				CLANG_WARN_EMPTY_BODY = YES;
				CLANG_WARN_ENUM_CONVERSION = YES;
				CLANG_WARN_INT_CONVERSION = YES;
				CLANG_WARN_OBJC_ROOT_CLASS = YES_ERROR;
				CLANG_WARN_UNREACHABLE_CODE = YES;
				CLANG_WARN__DUPLICATE_METHOD_MATCH = YES;
				"CODE_SIGN_IDENTITY[sdk=iphoneos*]" = "iPhone Developer";
				COPY_PHASE_STRIP = NO;
				DEBUG_INFORMATION_FORMAT = "dwarf-with-dsym";
				ENABLE_NS_ASSERTIONS = NO;
				ENABLE_STRICT_OBJC_MSGSEND = YES;
				GCC_C_LANGUAGE_STANDARD = gnu99;
				GCC_NO_COMMON_BLOCKS = YES;
				GCC_WARN_64_TO_32_BIT_CONVERSION = YES;
				GCC_WARN_ABOUT_RETURN_TYPE = YES_ERROR;
				GCC_WARN_UNDECLARED_SELECTOR = YES;
				GCC_WARN_UNINITIALIZED_AUTOS = YES_AGGRESSIVE;
				GCC_WARN_UNUSED_FUNCTION = YES;
				GCC_WARN_UNUSED_VARIABLE = YES;
				IPHONEOS_DEPLOYMENT_TARGET = 9.0;
				MTL_ENABLE_DEBUG_INFO = NO;
				SDKROOT = iphoneos;
				VALIDATE_PRODUCT = YES;
			};
			name = Release;
		};
		5B2D30411BB9CCDA00A7C86D /* Debug */ = {
			isa = XCBuildConfiguration;
			buildSettings = {
				ASSETCATALOG_COMPILER_APPICON_NAME = AppIcon;
				INFOPLIST_FILE = QuizApp/Info.plist;
				LD_RUNPATH_SEARCH_PATHS = "$(inherited) @executable_path/Frameworks";
				PRODUCT_BUNDLE_IDENTIFIER = com.hildebrandt.QuizApp;
				PRODUCT_NAME = "$(TARGET_NAME)";
			};
			name = Debug;
		};
		5B2D30421BB9CCDA00A7C86D /* Release */ = {
			isa = XCBuildConfiguration;
			buildSettings = {
				ASSETCATALOG_COMPILER_APPICON_NAME = AppIcon;
				INFOPLIST_FILE = QuizApp/Info.plist;
				LD_RUNPATH_SEARCH_PATHS = "$(inherited) @executable_path/Frameworks";
				PRODUCT_BUNDLE_IDENTIFIER = com.hildebrandt.QuizApp;
				PRODUCT_NAME = "$(TARGET_NAME)";
			};
			name = Release;
		};
/* End XCBuildConfiguration section */

/* Begin XCConfigurationList section */
		5B2D30291BB9CCDA00A7C86D /* Build configuration list for PBXProject "QuizApp" */ = {
			isa = XCConfigurationList;
			buildConfigurations = (
				5B2D303E1BB9CCDA00A7C86D /* Debug */,
				5B2D303F1BB9CCDA00A7C86D /* Release */,
			);
			defaultConfigurationIsVisible = 0;
			defaultConfigurationName = Release;
		};
		5B2D30401BB9CCDA00A7C86D /* Build configuration list for PBXNativeTarget "QuizApp" */ = {
			isa = XCConfigurationList;
			buildConfigurations = (
				5B2D30411BB9CCDA00A7C86D /* Debug */,
				5B2D30421BB9CCDA00A7C86D /* Release */,
			);
			defaultConfigurationIsVisible = 0;
		};
/* End XCConfigurationList section */
	};
	rootObject = 5B2D30261BB9CCDA00A7C86D /* Project object */;
}
